
Microsoft Visual Studio Solution File, Format Version 12.00
# Visual Studio Version 17
VisualStudioVersion = 17.0.32112.339
MinimumVisualStudioVersion = 10.0.40219.1
Project("{2150E333-8FDC-42A3-9474-1A3956D46DE8}") = "src", "src", "{EC6EC345-1AA4-47BA-9A5B-897E30E50668}"
EndProject
Project("{2150E333-8FDC-42A3-9474-1A3956D46DE8}") = "tests", "tests", "{FC92546B-BFC8-4BDD-931D-88974908EFEF}"
EndProject
Project("{2150E333-8FDC-42A3-9474-1A3956D46DE8}") = "Core", "Core", "{24878200-818D-4331-BE36-D2C2CCBB3DE2}"
EndProject
Project("{9A19103F-16F7-4668-BE54-9A1E7A4F7556}") = "IfCommerce.Core", "src\IfCommerce.Core\IfCommerce.Core.csproj", "{69E8D634-9282-4CE8-B668-0DC69D00B347}"
EndProject
Project("{FAE04EC0-301F-11D3-BF4B-00C04F79EFBC}") = "IfCommerce.Core.Tests", "tests\IfCommerce.Core.Tests\IfCommerce.Core.Tests.csproj", "{67656C2E-DBC7-4A29-A4C8-8F6E227E2CE2}"
EndProject
Project("{2150E333-8FDC-42A3-9474-1A3956D46DE8}") = "Core", "Core", "{C32DCAD8-4CEC-4748-A37B-F21C6BEC819B}"
EndProject
Project("{2150E333-8FDC-42A3-9474-1A3956D46DE8}") = "Catalog", "Catalog", "{84FCFF91-6B2F-469D-AFAA-AFD3781927BD}"
EndProject
Project("{FAE04EC0-301F-11D3-BF4B-00C04F79EFBC}") = "IfCommerce.Catalog.Domain", "src\IfCommerce.Catalog.Domain\IfCommerce.Catalog.Domain.csproj", "{536E2796-FBB1-4140-A427-3A41395721F3}"
EndProject
Project("{FAE04EC0-301F-11D3-BF4B-00C04F79EFBC}") = "IfCommerce.Catalog.Application", "src\IfCommerce.Catalog.Application\IfCommerce.Catalog.Application.csproj", "{9BC345FE-AAFD-44E4-A8AF-78436B273F6A}"
EndProject
Project("{FAE04EC0-301F-11D3-BF4B-00C04F79EFBC}") = "IfCommerce.Catalog.Infra.Data", "src\IfCommerce.Catalog.Infra.Data\IfCommerce.Catalog.Infra.Data.csproj", "{3954CBE8-901D-4692-A7A2-D3443536B53E}"
EndProject
Project("{FAE04EC0-301F-11D3-BF4B-00C04F79EFBC}") = "IfCommerce.Catalog.Infra.CrossCutting.IoC", "src\IfCommerce.Catalog.Infra.CrossCutting.IoC\IfCommerce.Catalog.Infra.CrossCutting.IoC.csproj", "{44F5FC8C-8E95-4583-9B0D-B67369EAD861}"
EndProject
Project("{FAE04EC0-301F-11D3-BF4B-00C04F79EFBC}") = "IfCommerce.Catalog.Api", "src\IfCommerce.Catalog.Api\IfCommerce.Catalog.Api.csproj", "{AD22D728-B677-4E02-9708-3EA9A7A558D6}"
EndProject
Project("{2150E333-8FDC-42A3-9474-1A3956D46DE8}") = "Catalog", "Catalog", "{13BCE277-AB43-4EC6-916D-29CEFD274038}"
EndProject
Project("{FAE04EC0-301F-11D3-BF4B-00C04F79EFBC}") = "IfCommerce.Catalog.Domain.Tests", "tests\IfCommerce.Catalog.Domain.Tests\IfCommerce.Catalog.Domain.Tests.csproj", "{F7819269-E39E-4656-B726-4A6BF51E5AB9}"
EndProject
Project("{FAE04EC0-301F-11D3-BF4B-00C04F79EFBC}") = "IfCommerce.Catalog.Application.Tests", "tests\IfCommerce.Catalog.Application.Tests\IfCommerce.Catalog.Application.Tests.csproj", "{A4E46449-2BC0-4628-A4BB-8D244AF3EDA1}"
EndProject
Project("{FAE04EC0-301F-11D3-BF4B-00C04F79EFBC}") = "IfCommerce.Catalog.Infra.Data.Tests", "tests\IfCommerce.Catalog.Infra.Data.Tests\IfCommerce.Catalog.Infra.Data.Tests.csproj", "{2E2C8E1B-D771-4810-993E-BAA858EFA70F}"
EndProject
Global
	GlobalSection(SolutionConfigurationPlatforms) = preSolution
		Debug|Any CPU = Debug|Any CPU
		Release|Any CPU = Release|Any CPU
	EndGlobalSection
	GlobalSection(ProjectConfigurationPlatforms) = postSolution
		{69E8D634-9282-4CE8-B668-0DC69D00B347}.Debug|Any CPU.ActiveCfg = Debug|Any CPU
		{69E8D634-9282-4CE8-B668-0DC69D00B347}.Debug|Any CPU.Build.0 = Debug|Any CPU
		{69E8D634-9282-4CE8-B668-0DC69D00B347}.Release|Any CPU.ActiveCfg = Release|Any CPU
		{69E8D634-9282-4CE8-B668-0DC69D00B347}.Release|Any CPU.Build.0 = Release|Any CPU
		{67656C2E-DBC7-4A29-A4C8-8F6E227E2CE2}.Debug|Any CPU.ActiveCfg = Debug|Any CPU
		{67656C2E-DBC7-4A29-A4C8-8F6E227E2CE2}.Debug|Any CPU.Build.0 = Debug|Any CPU
		{67656C2E-DBC7-4A29-A4C8-8F6E227E2CE2}.Release|Any CPU.ActiveCfg = Release|Any CPU
		{67656C2E-DBC7-4A29-A4C8-8F6E227E2CE2}.Release|Any CPU.Build.0 = Release|Any CPU
		{536E2796-FBB1-4140-A427-3A41395721F3}.Debug|Any CPU.ActiveCfg = Debug|Any CPU
		{536E2796-FBB1-4140-A427-3A41395721F3}.Debug|Any CPU.Build.0 = Debug|Any CPU
		{536E2796-FBB1-4140-A427-3A41395721F3}.Release|Any CPU.ActiveCfg = Release|Any CPU
		{536E2796-FBB1-4140-A427-3A41395721F3}.Release|Any CPU.Build.0 = Release|Any CPU
		{9BC345FE-AAFD-44E4-A8AF-78436B273F6A}.Debug|Any CPU.ActiveCfg = Debug|Any CPU
		{9BC345FE-AAFD-44E4-A8AF-78436B273F6A}.Debug|Any CPU.Build.0 = Debug|Any CPU
		{9BC345FE-AAFD-44E4-A8AF-78436B273F6A}.Release|Any CPU.ActiveCfg = Release|Any CPU
		{9BC345FE-AAFD-44E4-A8AF-78436B273F6A}.Release|Any CPU.Build.0 = Release|Any CPU
		{3954CBE8-901D-4692-A7A2-D3443536B53E}.Debug|Any CPU.ActiveCfg = Debug|Any CPU
		{3954CBE8-901D-4692-A7A2-D3443536B53E}.Debug|Any CPU.Build.0 = Debug|Any CPU
		{3954CBE8-901D-4692-A7A2-D3443536B53E}.Release|Any CPU.ActiveCfg = Release|Any CPU
		{3954CBE8-901D-4692-A7A2-D3443536B53E}.Release|Any CPU.Build.0 = Release|Any CPU
		{44F5FC8C-8E95-4583-9B0D-B67369EAD861}.Debug|Any CPU.ActiveCfg = Debug|Any CPU
		{44F5FC8C-8E95-4583-9B0D-B67369EAD861}.Debug|Any CPU.Build.0 = Debug|Any CPU
		{44F5FC8C-8E95-4583-9B0D-B67369EAD861}.Release|Any CPU.ActiveCfg = Release|Any CPU
		{44F5FC8C-8E95-4583-9B0D-B67369EAD861}.Release|Any CPU.Build.0 = Release|Any CPU
		{AD22D728-B677-4E02-9708-3EA9A7A558D6}.Debug|Any CPU.ActiveCfg = Debug|Any CPU
		{AD22D728-B677-4E02-9708-3EA9A7A558D6}.Debug|Any CPU.Build.0 = Debug|Any CPU
		{AD22D728-B677-4E02-9708-3EA9A7A558D6}.Release|Any CPU.ActiveCfg = Release|Any CPU
		{AD22D728-B677-4E02-9708-3EA9A7A558D6}.Release|Any CPU.Build.0 = Release|Any CPU
		{F7819269-E39E-4656-B726-4A6BF51E5AB9}.Debug|Any CPU.ActiveCfg = Debug|Any CPU
		{F7819269-E39E-4656-B726-4A6BF51E5AB9}.Debug|Any CPU.Build.0 = Debug|Any CPU
		{F7819269-E39E-4656-B726-4A6BF51E5AB9}.Release|Any CPU.ActiveCfg = Release|Any CPU
		{F7819269-E39E-4656-B726-4A6BF51E5AB9}.Release|Any CPU.Build.0 = Release|Any CPU
		{A4E46449-2BC0-4628-A4BB-8D244AF3EDA1}.Debug|Any CPU.ActiveCfg = Debug|Any CPU
		{A4E46449-2BC0-4628-A4BB-8D244AF3EDA1}.Debug|Any CPU.Build.0 = Debug|Any CPU
		{A4E46449-2BC0-4628-A4BB-8D244AF3EDA1}.Release|Any CPU.ActiveCfg = Release|Any CPU
		{A4E46449-2BC0-4628-A4BB-8D244AF3EDA1}.Release|Any CPU.Build.0 = Release|Any CPU
		{2E2C8E1B-D771-4810-993E-BAA858EFA70F}.Debug|Any CPU.ActiveCfg = Debug|Any CPU
		{2E2C8E1B-D771-4810-993E-BAA858EFA70F}.Debug|Any CPU.Build.0 = Debug|Any CPU
		{2E2C8E1B-D771-4810-993E-BAA858EFA70F}.Release|Any CPU.ActiveCfg = Release|Any CPU
		{2E2C8E1B-D771-4810-993E-BAA858EFA70F}.Release|Any CPU.Build.0 = Release|Any CPU
	EndGlobalSection
	GlobalSection(SolutionProperties) = preSolution
		HideSolutionNode = FALSE
	EndGlobalSection
	GlobalSection(NestedProjects) = preSolution
		{24878200-818D-4331-BE36-D2C2CCBB3DE2} = {EC6EC345-1AA4-47BA-9A5B-897E30E50668}
		{69E8D634-9282-4CE8-B668-0DC69D00B347} = {24878200-818D-4331-BE36-D2C2CCBB3DE2}
		{67656C2E-DBC7-4A29-A4C8-8F6E227E2CE2} = {C32DCAD8-4CEC-4748-A37B-F21C6BEC819B}
		{C32DCAD8-4CEC-4748-A37B-F21C6BEC819B} = {FC92546B-BFC8-4BDD-931D-88974908EFEF}
		{84FCFF91-6B2F-469D-AFAA-AFD3781927BD} = {EC6EC345-1AA4-47BA-9A5B-897E30E50668}
		{536E2796-FBB1-4140-A427-3A41395721F3} = {84FCFF91-6B2F-469D-AFAA-AFD3781927BD}
		{9BC345FE-AAFD-44E4-A8AF-78436B273F6A} = {84FCFF91-6B2F-469D-AFAA-AFD3781927BD}
		{3954CBE8-901D-4692-A7A2-D3443536B53E} = {84FCFF91-6B2F-469D-AFAA-AFD3781927BD}
		{44F5FC8C-8E95-4583-9B0D-B67369EAD861} = {84FCFF91-6B2F-469D-AFAA-AFD3781927BD}
		{AD22D728-B677-4E02-9708-3EA9A7A558D6} = {84FCFF91-6B2F-469D-AFAA-AFD3781927BD}
		{13BCE277-AB43-4EC6-916D-29CEFD274038} = {FC92546B-BFC8-4BDD-931D-88974908EFEF}
		{F7819269-E39E-4656-B726-4A6BF51E5AB9} = {13BCE277-AB43-4EC6-916D-29CEFD274038}
		{A4E46449-2BC0-4628-A4BB-8D244AF3EDA1} = {13BCE277-AB43-4EC6-916D-29CEFD274038}
		{2E2C8E1B-D771-4810-993E-BAA858EFA70F} = {13BCE277-AB43-4EC6-916D-29CEFD274038}
	EndGlobalSection
	GlobalSection(ExtensibilityGlobals) = postSolution
		SolutionGuid = {BF490F01-F79B-45BE-8117-7CEF6E5BC757}
	EndGlobalSection
EndGlobal
